Microsoft Visual Studio Solution File, Format Version 11.00
# Visual Studio 2008

Project("{5C30315A-61DB-809B-474E-0E06A5593298}") = "Lenticular3D of Drawing Create Image", "Assembly-CSharp.csproj", "{6EDC53A4-7FDB-04B4-6434-7A4168939CC4}"
EndProject
Global
	GlobalSection(SolutionConfigurationPlatforms) = preSolution
		Debug|Any CPU = Debug|Any CPU
		Release|Any CPU = Release|Any CPU
	EndGlobalSection
	GlobalSection(ProjectConfigurationPlatforms) = postSolution
		{6EDC53A4-7FDB-04B4-6434-7A4168939CC4}.Debug|Any CPU.ActiveCfg = Debug|Any CPU
		{6EDC53A4-7FDB-04B4-6434-7A4168939CC4}.Debug|Any CPU.Build.0 = Debug|Any CPU
		{6EDC53A4-7FDB-04B4-6434-7A4168939CC4}.Release|Any CPU.ActiveCfg = Release|Any CPU
		{6EDC53A4-7FDB-04B4-6434-7A4168939CC4}.Release|Any CPU.Build.0 = Release|Any CPU
	EndGlobalSection
	GlobalSection(SolutionProperties) = preSolution
		HideSolutionNode = FALSE
	EndGlobalSection
	GlobalSection(MonoDevelopProperties) = preSolution
		StartupItem = Assembly-CSharp.csproj
	EndGlobalSection
EndGlobal
